
Microsoft Visual Studio Solution File, Format Version 12.00
# Visual Studio Version 17
VisualStudioVersion = 17.3.32804.467
MinimumVisualStudioVersion = 10.0.40219.1
Project("{9A19103F-16F7-4668-BE54-9A1E7A4F7556}") = "Proj_ONTHEFLY_CS-SQL", "Proj_ONTHEFLY_CS-SQL\Proj_ONTHEFLY_CS-SQL.csproj", "{75FBC674-6A7D-434C-86CB-3F00598FF443}"
EndProject
Global
	GlobalSection(SolutionConfigurationPlatforms) = preSolution
		Debug|Any CPU = Debug|Any CPU
		Release|Any CPU = Release|Any CPU
	EndGlobalSection
	GlobalSection(ProjectConfigurationPlatforms) = postSolution
		{75FBC674-6A7D-434C-86CB-3F00598FF443}.Debug|Any CPU.ActiveCfg = Debug|Any CPU
		{75FBC674-6A7D-434C-86CB-3F00598FF443}.Debug|Any CPU.Build.0 = Debug|Any CPU
		{75FBC674-6A7D-434C-86CB-3F00598FF443}.Release|Any CPU.ActiveCfg = Release|Any CPU
		{75FBC674-6A7D-434C-86CB-3F00598FF443}.Release|Any CPU.Build.0 = Release|Any CPU
	EndGlobalSection
	GlobalSection(SolutionProperties) = preSolution
		HideSolutionNode = FALSE
	EndGlobalSection
	GlobalSection(ExtensibilityGlobals) = postSolution
		SolutionGuid = {2114B27B-2392-4D88-8435-56CB585B1EFF}
	EndGlobalSection
EndGlobal
